
Microsoft Visual Studio Solution File, Format Version 12.00
# Visual Studio Version 17
VisualStudioVersion = 17.8.34511.84
MinimumVisualStudioVersion = 10.0.40219.1
Project("{FAE04EC0-301F-11D3-BF4B-00C04F79EFBC}") = "AyrtonFinalExam", "AyrtonFinalExam\AyrtonFinalExam.csproj", "{9BCCCB6B-507B-43BD-AB09-F6FDC634B5D3}"
EndProject
Global
	GlobalSection(SolutionConfigurationPlatforms) = preSolution
		Debug|Any CPU = Debug|Any CPU
		Release|Any CPU = Release|Any CPU
	EndGlobalSection
	GlobalSection(ProjectConfigurationPlatforms) = postSolution
		{9BCCCB6B-507B-43BD-AB09-F6FDC634B5D3}.Debug|Any CPU.ActiveCfg = Debug|Any CPU
		{9BCCCB6B-507B-43BD-AB09-F6FDC634B5D3}.Debug|Any CPU.Build.0 = Debug|Any CPU
		{9BCCCB6B-507B-43BD-AB09-F6FDC634B5D3}.Release|Any CPU.ActiveCfg = Release|Any CPU
		{9BCCCB6B-507B-43BD-AB09-F6FDC634B5D3}.Release|Any CPU.Build.0 = Release|Any CPU
	EndGlobalSection
	GlobalSection(SolutionProperties) = preSolution
		HideSolutionNode = FALSE
	EndGlobalSection
	GlobalSection(ExtensibilityGlobals) = postSolution
		SolutionGuid = {86DD7866-F320-4FC9-B319-E33728643ADF}
	EndGlobalSection
EndGlobal
